# This file is automatically @generated by Cargo.
# It is not intended for manual editing.
version = 3

[[package]]
name = "empty-git-lib"
version = "0.1.0"
source = "git+https://github.com/richvdh/empty-git-lib#ad001f8d24a39613f112ced3416d14ce859b51fa"

[[package]]
name = "renovate-cargo-git-test"
version = "0.1.0"
dependencies = [
 "empty-git-lib",
]
